
Microsoft Visual Studio Solution File, Format Version 12.00
Project("{FAE04EC0-301F-11D3-BF4B-00C04F79EFBC}") = "UIFormRDMO", "UIFormRDMO\UIFormRDMO.csproj", "{5E808B4A-28B4-4837-AEC3-B0823A371F7C}"
EndProject
Global
	GlobalSection(SolutionConfigurationPlatforms) = preSolution
		Debug|Any CPU = Debug|Any CPU
		Release|Any CPU = Release|Any CPU
	EndGlobalSection
	GlobalSection(ProjectConfigurationPlatforms) = postSolution
		{5E808B4A-28B4-4837-AEC3-B0823A371F7C}.Debug|Any CPU.ActiveCfg = Debug|Any CPU
		{5E808B4A-28B4-4837-AEC3-B0823A371F7C}.Debug|Any CPU.Build.0 = Debug|Any CPU
		{5E808B4A-28B4-4837-AEC3-B0823A371F7C}.Release|Any CPU.ActiveCfg = Release|Any CPU
		{5E808B4A-28B4-4837-AEC3-B0823A371F7C}.Release|Any CPU.Build.0 = Release|Any CPU
	EndGlobalSection
EndGlobal
